// !$*UTF8*$!
{
	archiveVersion = 1;
	classes = {
	};
	objectVersion = 55;
	objects = {

/* Begin PBXBuildFile section */
		6487A95F2A2877E000F8C296 /* __swift_restaurantApp.swift in Sources */ = {isa = PBXBuildFile; fileRef = 6487A94F2A2877DD00F8C296 /* __swift_restaurantApp.swift */; };
		6487A9602A2877E000F8C296 /* __swift_restaurantApp.swift in Sources */ = {isa = PBXBuildFile; fileRef = 6487A94F2A2877DD00F8C296 /* __swift_restaurantApp.swift */; };
		6487A9612A2877E000F8C296 /* MainView.swift in Sources */ = {isa = PBXBuildFile; fileRef = 6487A9502A2877DD00F8C296 /* MainView.swift */; };
		6487A9622A2877E000F8C296 /* MainView.swift in Sources */ = {isa = PBXBuildFile; fileRef = 6487A9502A2877DD00F8C296 /* MainView.swift */; };
		6487A9632A2877E000F8C296 /* Assets.xcassets in Resources */ = {isa = PBXBuildFile; fileRef = 6487A9512A2877E000F8C296 /* Assets.xcassets */; };
		6487A9642A2877E000F8C296 /* Assets.xcassets in Resources */ = {isa = PBXBuildFile; fileRef = 6487A9512A2877E000F8C296 /* Assets.xcassets */; };
		6487A96E2A2880CF00F8C296 /* MenuView.swift in Sources */ = {isa = PBXBuildFile; fileRef = 6487A96D2A2880CF00F8C296 /* MenuView.swift */; };
		6487A9702A2880E100F8C296 /* MenuListRow.swift in Sources */ = {isa = PBXBuildFile; fileRef = 6487A96F2A2880E100F8C296 /* MenuListRow.swift */; };
		6487A9722A2880E700F8C296 /* MenuItem.swift in Sources */ = {isa = PBXBuildFile; fileRef = 6487A9712A2880E700F8C296 /* MenuItem.swift */; };
		6487A9742A2880ED00F8C296 /* DataService.swift in Sources */ = {isa = PBXBuildFile; fileRef = 6487A9732A2880ED00F8C296 /* DataService.swift */; };
		6487A9762A28816700F8C296 /* AboutView.swift in Sources */ = {isa = PBXBuildFile; fileRef = 6487A9752A28816700F8C296 /* AboutView.swift */; };
		6487A9782A28817200F8C296 /* GalleryView.swift in Sources */ = {isa = PBXBuildFile; fileRef = 6487A9772A28817200F8C296 /* GalleryView.swift */; };
		64A5C54D2A2B197900D78BF6 /* PhotoView.swift in Sources */ = {isa = PBXBuildFile; fileRef = 64A5C54C2A2B197900D78BF6 /* PhotoView.swift */; };
/* End PBXBuildFile section */

/* Begin PBXFileReference section */
		6487A94F2A2877DD00F8C296 /* __swift_restaurantApp.swift */ = {isa = PBXFileReference; lastKnownFileType = sourcecode.swift; path = __swift_restaurantApp.swift; sourceTree = "<group>"; };
		6487A9502A2877DD00F8C296 /* MainView.swift */ = {isa = PBXFileReference; lastKnownFileType = sourcecode.swift; path = MainView.swift; sourceTree = "<group>"; };
		6487A9512A2877E000F8C296 /* Assets.xcassets */ = {isa = PBXFileReference; lastKnownFileType = folder.assetcatalog; path = Assets.xcassets; sourceTree = "<group>"; };
		6487A9562A2877E000F8C296 /* 8-swift-restaurant.app */ = {isa = PBXFileReference; explicitFileType = wrapper.application; includeInIndex = 0; path = "8-swift-restaurant.app"; sourceTree = BUILT_PRODUCTS_DIR; };
		6487A95C2A2877E000F8C296 /* 8-swift-restaurant.app */ = {isa = PBXFileReference; explicitFileType = wrapper.application; includeInIndex = 0; path = "8-swift-restaurant.app"; sourceTree = BUILT_PRODUCTS_DIR; };
		6487A95E2A2877E000F8C296 /* macOS.entitlements */ = {isa = PBXFileReference; lastKnownFileType = text.plist.entitlements; path = macOS.entitlements; sourceTree = "<group>"; };
		6487A96D2A2880CF00F8C296 /* MenuView.swift */ = {isa = PBXFileReference; fileEncoding = 4; lastKnownFileType = sourcecode.swift; path = MenuView.swift; sourceTree = "<group>"; };
		6487A96F2A2880E100F8C296 /* MenuListRow.swift */ = {isa = PBXFileReference; fileEncoding = 4; lastKnownFileType = sourcecode.swift; path = MenuListRow.swift; sourceTree = "<group>"; };
		6487A9712A2880E700F8C296 /* MenuItem.swift */ = {isa = PBXFileReference; fileEncoding = 4; lastKnownFileType = sourcecode.swift; path = MenuItem.swift; sourceTree = "<group>"; };
		6487A9732A2880ED00F8C296 /* DataService.swift */ = {isa = PBXFileReference; fileEncoding = 4; lastKnownFileType = sourcecode.swift; path = DataService.swift; sourceTree = "<group>"; };
		6487A9752A28816700F8C296 /* AboutView.swift */ = {isa = PBXFileReference; lastKnownFileType = sourcecode.swift; path = AboutView.swift; sourceTree = "<group>"; };
		6487A9772A28817200F8C296 /* GalleryView.swift */ = {isa = PBXFileReference; lastKnownFileType = sourcecode.swift; path = GalleryView.swift; sourceTree = "<group>"; };
		64A5C54C2A2B197900D78BF6 /* PhotoView.swift */ = {isa = PBXFileReference; lastKnownFileType = sourcecode.swift; path = PhotoView.swift; sourceTree = "<group>"; };
/* End PBXFileReference section */

/* Begin PBXFrameworksBuildPhase section */
		6487A9532A2877E000F8C296 /* Frameworks */ = {
			isa = PBXFrameworksBuildPhase;
			buildActionMask = 2147483647;
			files = (
			);
			runOnlyForDeploymentPostprocessing = 0;
		};
		6487A9592A2877E000F8C296 /* Frameworks */ = {
			isa = PBXFrameworksBuildPhase;
			buildActionMask = 2147483647;
			files = (
			);
			runOnlyForDeploymentPostprocessing = 0;
		};
/* End PBXFrameworksBuildPhase section */

/* Begin PBXGroup section */
		6487A9492A2877DC00F8C296 = {
			isa = PBXGroup;
			children = (
				6487A94E2A2877DD00F8C296 /* Shared */,
				6487A95D2A2877E000F8C296 /* macOS */,
				6487A9572A2877E000F8C296 /* Products */,
			);
			sourceTree = "<group>";
		};
		6487A94E2A2877DD00F8C296 /* Shared */ = {
			isa = PBXGroup;
			children = (
				6487A94F2A2877DD00F8C296 /* __swift_restaurantApp.swift */,
				6487A9502A2877DD00F8C296 /* MainView.swift */,
				6487A96D2A2880CF00F8C296 /* MenuView.swift */,
				6487A96F2A2880E100F8C296 /* MenuListRow.swift */,
				6487A9712A2880E700F8C296 /* MenuItem.swift */,
				6487A9732A2880ED00F8C296 /* DataService.swift */,
				6487A9752A28816700F8C296 /* AboutView.swift */,
				6487A9772A28817200F8C296 /* GalleryView.swift */,
				64A5C54C2A2B197900D78BF6 /* PhotoView.swift */,
				6487A9512A2877E000F8C296 /* Assets.xcassets */,
			);
			path = Shared;
			sourceTree = "<group>";
		};
		6487A9572A2877E000F8C296 /* Products */ = {
			isa = PBXGroup;
			children = (
				6487A9562A2877E000F8C296 /* 8-swift-restaurant.app */,
				6487A95C2A2877E000F8C296 /* 8-swift-restaurant.app */,
			);
			name = Products;
			sourceTree = "<group>";
		};
		6487A95D2A2877E000F8C296 /* macOS */ = {
			isa = PBXGroup;
			children = (
				6487A95E2A2877E000F8C296 /* macOS.entitlements */,
			);
			path = macOS;
			sourceTree = "<group>";
		};
/* End PBXGroup section */

/* Begin PBXNativeTarget section */
		6487A9552A2877E000F8C296 /* 8-swift-restaurant (iOS) */ = {
			isa = PBXNativeTarget;
			buildConfigurationList = 6487A9672A2877E000F8C296 /* Build configuration list for PBXNativeTarget "8-swift-restaurant (iOS)" */;
			buildPhases = (
				6487A9522A2877E000F8C296 /* Sources */,
				6487A9532A2877E000F8C296 /* Frameworks */,
				6487A9542A2877E000F8C296 /* Resources */,
			);
			buildRules = (
			);
			dependencies = (
			);
			name = "8-swift-restaurant (iOS)";
			productName = "8-swift-restaurant (iOS)";
			productReference = 6487A9562A2877E000F8C296 /* 8-swift-restaurant.app */;
			productType = "com.apple.product-type.application";
		};
		6487A95B2A2877E000F8C296 /* 8-swift-restaurant (macOS) */ = {
			isa = PBXNativeTarget;
			buildConfigurationList = 6487A96A2A2877E000F8C296 /* Build configuration list for PBXNativeTarget "8-swift-restaurant (macOS)" */;
			buildPhases = (
				6487A9582A2877E000F8C296 /* Sources */,
				6487A9592A2877E000F8C296 /* Frameworks */,
				6487A95A2A2877E000F8C296 /* Resources */,
			);
			buildRules = (
			);
			dependencies = (
			);
			name = "8-swift-restaurant (macOS)";
			productName = "8-swift-restaurant (macOS)";
			productReference = 6487A95C2A2877E000F8C296 /* 8-swift-restaurant.app */;
			productType = "com.apple.product-type.application";
		};
/* End PBXNativeTarget section */

/* Begin PBXProject section */
		6487A94A2A2877DC00F8C296 /* Project object */ = {
			isa = PBXProject;
			attributes = {
				BuildIndependentTargetsInParallel = 1;
				LastSwiftUpdateCheck = 1340;
				LastUpgradeCheck = 1340;
				TargetAttributes = {
					6487A9552A2877E000F8C296 = {
						CreatedOnToolsVersion = 13.4.1;
					};
					6487A95B2A2877E000F8C296 = {
						CreatedOnToolsVersion = 13.4.1;
					};
				};
			};
			buildConfigurationList = 6487A94D2A2877DC00F8C296 /* Build configuration list for PBXProject "8-swift-restaurant" */;
			compatibilityVersion = "Xcode 13.0";
			developmentRegion = en;
			hasScannedForEncodings = 0;
			knownRegions = (
				en,
				Base,
			);
			mainGroup = 6487A9492A2877DC00F8C296;
			productRefGroup = 6487A9572A2877E000F8C296 /* Products */;
			projectDirPath = "";
			projectRoot = "";
			targets = (
				6487A9552A2877E000F8C296 /* 8-swift-restaurant (iOS) */,
				6487A95B2A2877E000F8C296 /* 8-swift-restaurant (macOS) */,
			);
		};
/* End PBXProject section */

/* Begin PBXResourcesBuildPhase section */
		6487A9542A2877E000F8C296 /* Resources */ = {
			isa = PBXResourcesBuildPhase;
			buildActionMask = 2147483647;
			files = (
				6487A9632A2877E000F8C296 /* Assets.xcassets in Resources */,
			);
			runOnlyForDeploymentPostprocessing = 0;
		};
		6487A95A2A2877E000F8C296 /* Resources */ = {
			isa = PBXResourcesBuildPhase;
			buildActionMask = 2147483647;
			files = (
				6487A9642A2877E000F8C296 /* Assets.xcassets in Resources */,
			);
			runOnlyForDeploymentPostprocessing = 0;
		};
/* End PBXResourcesBuildPhase section */

/* Begin PBXSourcesBuildPhase section */
		6487A9522A2877E000F8C296 /* Sources */ = {
			isa = PBXSourcesBuildPhase;
			buildActionMask = 2147483647;
			files = (
				6487A9612A2877E000F8C296 /* MainView.swift in Sources */,
				6487A9762A28816700F8C296 /* AboutView.swift in Sources */,
				6487A9702A2880E100F8C296 /* MenuListRow.swift in Sources */,
				64A5C54D2A2B197900D78BF6 /* PhotoView.swift in Sources */,
				6487A96E2A2880CF00F8C296 /* MenuView.swift in Sources */,
				6487A9742A2880ED00F8C296 /* DataService.swift in Sources */,
				6487A95F2A2877E000F8C296 /* __swift_restaurantApp.swift in Sources */,
				6487A9722A2880E700F8C296 /* MenuItem.swift in Sources */,
				6487A9782A28817200F8C296 /* GalleryView.swift in Sources */,
			);
			runOnlyForDeploymentPostprocessing = 0;
		};
		6487A9582A2877E000F8C296 /* Sources */ = {
			isa = PBXSourcesBuildPhase;
			buildActionMask = 2147483647;
			files = (
				6487A9622A2877E000F8C296 /* MainView.swift in Sources */,
				6487A9602A2877E000F8C296 /* __swift_restaurantApp.swift in Sources */,
			);
			runOnlyForDeploymentPostprocessing = 0;
		};
/* End PBXSourcesBuildPhase section */

/* Begin XCBuildConfiguration section */
		6487A9652A2877E000F8C296 /* Debug */ = {
			isa = XCBuildConfiguration;
			buildSettings = {
				ALWAYS_SEARCH_USER_PATHS = NO;
				CLANG_ANALYZER_NONNULL = YES;
				CLANG_ANALYZER_NUMBER_OBJECT_CONVERSION = YES_AGGRESSIVE;
				CLANG_CXX_LANGUAGE_STANDARD = "gnu++17";
				CLANG_ENABLE_MODULES = YES;
				CLANG_ENABLE_OBJC_ARC = YES;
				CLANG_ENABLE_OBJC_WEAK = YES;
				CLANG_WARN_BLOCK_CAPTURE_AUTORELEASING = YES;
				CLANG_WARN_BOOL_CONVERSION = YES;
				CLANG_WARN_COMMA = YES;
				CLANG_WARN_CONSTANT_CONVERSION = YES;
				CLANG_WARN_DEPRECATED_OBJC_IMPLEMENTATIONS = YES;
				CLANG_WARN_DIRECT_OBJC_ISA_USAGE = YES_ERROR;
				CLANG_WARN_DOCUMENTATION_COMMENTS = YES;
				CLANG_WARN_EMPTY_BODY = YES;
				CLANG_WARN_ENUM_CONVERSION = YES;
				CLANG_WARN_INFINITE_RECURSION = YES;
				CLANG_WARN_INT_CONVERSION = YES;
				CLANG_WARN_NON_LITERAL_NULL_CONVERSION = YES;
				CLANG_WARN_OBJC_IMPLICIT_RETAIN_SELF = YES;
				CLANG_WARN_OBJC_LITERAL_CONVERSION = YES;
				CLANG_WARN_OBJC_ROOT_CLASS = YES_ERROR;
				CLANG_WARN_QUOTED_INCLUDE_IN_FRAMEWORK_HEADER = YES;
				CLANG_WARN_RANGE_LOOP_ANALYSIS = YES;
				CLANG_WARN_STRICT_PROTOTYPES = YES;
				CLANG_WARN_SUSPICIOUS_MOVE = YES;
				CLANG_WARN_UNGUARDED_AVAILABILITY = YES_AGGRESSIVE;
				CLANG_WARN_UNREACHABLE_CODE = YES;
				CLANG_WARN__DUPLICATE_METHOD_MATCH = YES;
				COPY_PHASE_STRIP = NO;
				DEBUG_INFORMATION_FORMAT = dwarf;
				ENABLE_STRICT_OBJC_MSGSEND = YES;
				ENABLE_TESTABILITY = YES;
				GCC_C_LANGUAGE_STANDARD = gnu11;
				GCC_DYNAMIC_NO_PIC = NO;
				GCC_NO_COMMON_BLOCKS = YES;
				GCC_OPTIMIZATION_LEVEL = 0;
				GCC_PREPROCESSOR_DEFINITIONS = (
					"DEBUG=1",
					"$(inherited)",
				);
				GCC_WARN_64_TO_32_BIT_CONVERSION = YES;
				GCC_WARN_ABOUT_RETURN_TYPE = YES_ERROR;
				GCC_WARN_UNDECLARED_SELECTOR = YES;
				GCC_WARN_UNINITIALIZED_AUTOS = YES_AGGRESSIVE;
				GCC_WARN_UNUSED_FUNCTION = YES;
				GCC_WARN_UNUSED_VARIABLE = YES;
				MTL_ENABLE_DEBUG_INFO = INCLUDE_SOURCE;
				MTL_FAST_MATH = YES;
				ONLY_ACTIVE_ARCH = YES;
				SWIFT_ACTIVE_COMPILATION_CONDITIONS = DEBUG;
				SWIFT_OPTIMIZATION_LEVEL = "-Onone";
			};
			name = Debug;
		};
		6487A9662A2877E000F8C296 /* Release */ = {
			isa = XCBuildConfiguration;
			buildSettings = {
				ALWAYS_SEARCH_USER_PATHS = NO;
				CLANG_ANALYZER_NONNULL = YES;
				CLANG_ANALYZER_NUMBER_OBJECT_CONVERSION = YES_AGGRESSIVE;
				CLANG_CXX_LANGUAGE_STANDARD = "gnu++17";
				CLANG_ENABLE_MODULES = YES;
				CLANG_ENABLE_OBJC_ARC = YES;
				CLANG_ENABLE_OBJC_WEAK = YES;
				CLANG_WARN_BLOCK_CAPTURE_AUTORELEASING = YES;
				CLANG_WARN_BOOL_CONVERSION = YES;
				CLANG_WARN_COMMA = YES;
				CLANG_WARN_CONSTANT_CONVERSION = YES;
				CLANG_WARN_DEPRECATED_OBJC_IMPLEMENTATIONS = YES;
				CLANG_WARN_DIRECT_OBJC_ISA_USAGE = YES_ERROR;
				CLANG_WARN_DOCUMENTATION_COMMENTS = YES;
				CLANG_WARN_EMPTY_BODY = YES;
				CLANG_WARN_ENUM_CONVERSION = YES;
				CLANG_WARN_INFINITE_RECURSION = YES;
				CLANG_WARN_INT_CONVERSION = YES;
				CLANG_WARN_NON_LITERAL_NULL_CONVERSION = YES;
				CLANG_WARN_OBJC_IMPLICIT_RETAIN_SELF = YES;
				CLANG_WARN_OBJC_LITERAL_CONVERSION = YES;
				CLANG_WARN_OBJC_ROOT_CLASS = YES_ERROR;
				CLANG_WARN_QUOTED_INCLUDE_IN_FRAMEWORK_HEADER = YES;
				CLANG_WARN_RANGE_LOOP_ANALYSIS = YES;
				CLANG_WARN_STRICT_PROTOTYPES = YES;
				CLANG_WARN_SUSPICIOUS_MOVE = YES;
				CLANG_WARN_UNGUARDED_AVAILABILITY = YES_AGGRESSIVE;
				CLANG_WARN_UNREACHABLE_CODE = YES;
				CLANG_WARN__DUPLICATE_METHOD_MATCH = YES;
				COPY_PHASE_STRIP = NO;
				DEBUG_INFORMATION_FORMAT = "dwarf-with-dsym";
				ENABLE_NS_ASSERTIONS = NO;
				ENABLE_STRICT_OBJC_MSGSEND = YES;
				GCC_C_LANGUAGE_STANDARD = gnu11;
				GCC_NO_COMMON_BLOCKS = YES;
				GCC_WARN_64_TO_32_BIT_CONVERSION = YES;
				GCC_WARN_ABOUT_RETURN_TYPE = YES_ERROR;
				GCC_WARN_UNDECLARED_SELECTOR = YES;
				GCC_WARN_UNINITIALIZED_AUTOS = YES_AGGRESSIVE;
				GCC_WARN_UNUSED_FUNCTION = YES;
				GCC_WARN_UNUSED_VARIABLE = YES;
				MTL_ENABLE_DEBUG_INFO = NO;
				MTL_FAST_MATH = YES;
				SWIFT_COMPILATION_MODE = wholemodule;
				SWIFT_OPTIMIZATION_LEVEL = "-O";
			};
			name = Release;
		};
		6487A9682A2877E000F8C296 /* Debug */ = {
			isa = XCBuildConfiguration;
			buildSettings = {
				ASSETCATALOG_COMPILER_APPICON_NAME = AppIcon;
				ASSETCATALOG_COMPILER_GLOBAL_ACCENT_COLOR_NAME = AccentColor;
				CODE_SIGN_STYLE = Automatic;
				CURRENT_PROJECT_VERSION = 1;
				ENABLE_PREVIEWS = YES;
				GENERATE_INFOPLIST_FILE = YES;
				INFOPLIST_KEY_UIApplicationSceneManifest_Generation = YES;
				INFOPLIST_KEY_UIApplicationSupportsIndirectInputEvents = YES;
				INFOPLIST_KEY_UILaunchScreen_Generation = YES;
				INFOPLIST_KEY_UISupportedInterfaceOrientations_iPad = "UIInterfaceOrientationPortrait UIInterfaceOrientationPortraitUpsideDown UIInterfaceOrientationLandscapeLeft UIInterfaceOrientationLandscapeRight";
				INFOPLIST_KEY_UISupportedInterfaceOrientations_iPhone = "UIInterfaceOrientationPortrait UIInterfaceOrientationLandscapeLeft UIInterfaceOrientationLandscapeRight";
				IPHONEOS_DEPLOYMENT_TARGET = 15.5;
				LD_RUNPATH_SEARCH_PATHS = (
					"$(inherited)",
					"@executable_path/Frameworks",
				);
				MARKETING_VERSION = 1.0;
				PRODUCT_BUNDLE_IDENTIFIER = "ai.cherrypick.--swift-restaurant";
				PRODUCT_NAME = "8-swift-restaurant";
				SDKROOT = iphoneos;
				SWIFT_EMIT_LOC_STRINGS = YES;
				SWIFT_VERSION = 5.0;
				TARGETED_DEVICE_FAMILY = "1,2";
			};
			name = Debug;
		};
		6487A9692A2877E000F8C296 /* Release */ = {
			isa = XCBuildConfiguration;
			buildSettings = {
				ASSETCATALOG_COMPILER_APPICON_NAME = AppIcon;
				ASSETCATALOG_COMPILER_GLOBAL_ACCENT_COLOR_NAME = AccentColor;
				CODE_SIGN_STYLE = Automatic;
				CURRENT_PROJECT_VERSION = 1;
				ENABLE_PREVIEWS = YES;
				GENERATE_INFOPLIST_FILE = YES;
				INFOPLIST_KEY_UIApplicationSceneManifest_Generation = YES;
				INFOPLIST_KEY_UIApplicationSupportsIndirectInputEvents = YES;
				INFOPLIST_KEY_UILaunchScreen_Generation = YES;
				INFOPLIST_KEY_UISupportedInterfaceOrientations_iPad = "UIInterfaceOrientationPortrait UIInterfaceOrientationPortraitUpsideDown UIInterfaceOrientationLandscapeLeft UIInterfaceOrientationLandscapeRight";
				INFOPLIST_KEY_UISupportedInterfaceOrientations_iPhone = "UIInterfaceOrientationPortrait UIInterfaceOrientationLandscapeLeft UIInterfaceOrientationLandscapeRight";
				IPHONEOS_DEPLOYMENT_TARGET = 15.5;
				LD_RUNPATH_SEARCH_PATHS = (
					"$(inherited)",
					"@executable_path/Frameworks",
				);
				MARKETING_VERSION = 1.0;
				PRODUCT_BUNDLE_IDENTIFIER = "ai.cherrypick.--swift-restaurant";
				PRODUCT_NAME = "8-swift-restaurant";
				SDKROOT = iphoneos;
				SWIFT_EMIT_LOC_STRINGS = YES;
				SWIFT_VERSION = 5.0;
				TARGETED_DEVICE_FAMILY = "1,2";
				VALIDATE_PRODUCT = YES;
			};
			name = Release;
		};
		6487A96B2A2877E000F8C296 /* Debug */ = {
			isa = XCBuildConfiguration;
			buildSettings = {
				ASSETCATALOG_COMPILER_APPICON_NAME = AppIcon;
				ASSETCATALOG_COMPILER_GLOBAL_ACCENT_COLOR_NAME = AccentColor;
				CODE_SIGN_ENTITLEMENTS = macOS/macOS.entitlements;
				CODE_SIGN_STYLE = Automatic;
				COMBINE_HIDPI_IMAGES = YES;
				CURRENT_PROJECT_VERSION = 1;
				ENABLE_PREVIEWS = YES;
				GENERATE_INFOPLIST_FILE = YES;
				INFOPLIST_KEY_NSHumanReadableCopyright = "";
				LD_RUNPATH_SEARCH_PATHS = (
					"$(inherited)",
					"@executable_path/../Frameworks",
				);
				MACOSX_DEPLOYMENT_TARGET = 12.3;
				MARKETING_VERSION = 1.0;
				PRODUCT_BUNDLE_IDENTIFIER = "ai.cherrypick.--swift-restaurant";
				PRODUCT_NAME = "8-swift-restaurant";
				SDKROOT = macosx;
				SWIFT_EMIT_LOC_STRINGS = YES;
				SWIFT_VERSION = 5.0;
			};
			name = Debug;
		};
		6487A96C2A2877E000F8C296 /* Release */ = {
			isa = XCBuildConfiguration;
			buildSettings = {
				ASSETCATALOG_COMPILER_APPICON_NAME = AppIcon;
				ASSETCATALOG_COMPILER_GLOBAL_ACCENT_COLOR_NAME = AccentColor;
				CODE_SIGN_ENTITLEMENTS = macOS/macOS.entitlements;
				CODE_SIGN_STYLE = Automatic;
				COMBINE_HIDPI_IMAGES = YES;
				CURRENT_PROJECT_VERSION = 1;
				ENABLE_PREVIEWS = YES;
				GENERATE_INFOPLIST_FILE = YES;
				INFOPLIST_KEY_NSHumanReadableCopyright = "";
				LD_RUNPATH_SEARCH_PATHS = (
					"$(inherited)",
					"@executable_path/../Frameworks",
				);
				MACOSX_DEPLOYMENT_TARGET = 12.3;
				MARKETING_VERSION = 1.0;
				PRODUCT_BUNDLE_IDENTIFIER = "ai.cherrypick.--swift-restaurant";
				PRODUCT_NAME = "8-swift-restaurant";
				SDKROOT = macosx;
				SWIFT_EMIT_LOC_STRINGS = YES;
				SWIFT_VERSION = 5.0;
			};
			name = Release;
		};
/* End XCBuildConfiguration section */

/* Begin XCConfigurationList section */
		6487A94D2A2877DC00F8C296 /* Build configuration list for PBXProject "8-swift-restaurant" */ = {
			isa = XCConfigurationList;
			buildConfigurations = (
				6487A9652A2877E000F8C296 /* Debug */,
				6487A9662A2877E000F8C296 /* Release */,
			);
			defaultConfigurationIsVisible = 0;
			defaultConfigurationName = Release;
		};
		6487A9672A2877E000F8C296 /* Build configuration list for PBXNativeTarget "8-swift-restaurant (iOS)" */ = {
			isa = XCConfigurationList;
			buildConfigurations = (
				6487A9682A2877E000F8C296 /* Debug */,
				6487A9692A2877E000F8C296 /* Release */,
			);
			defaultConfigurationIsVisible = 0;
			defaultConfigurationName = Release;
		};
		6487A96A2A2877E000F8C296 /* Build configuration list for PBXNativeTarget "8-swift-restaurant (macOS)" */ = {
			isa = XCConfigurationList;
			buildConfigurations = (
				6487A96B2A2877E000F8C296 /* Debug */,
				6487A96C2A2877E000F8C296 /* Release */,
			);
			defaultConfigurationIsVisible = 0;
			defaultConfigurationName = Release;
		};
/* End XCConfigurationList section */
	};
	rootObject = 6487A94A2A2877DC00F8C296 /* Project object */;
}
